
Microsoft Visual Studio Solution File, Format Version 12.00
# Visual Studio Version 17
VisualStudioVersion = 17.14.36212.18
MinimumVisualStudioVersion = 10.0.40219.1
Project("{FAE04EC0-301F-11D3-BF4B-00C04F79EFBC}") = "card.validator.api.v1", "card.validator.api.v1\card.validator.api.v1.csproj", "{17889EFC-B7E7-4C7B-98A1-3D0B30589EDA}"
EndProject
Project("{FAE04EC0-301F-11D3-BF4B-00C04F79EFBC}") = "card.validator.api.v1Tests", "card.validator.api.v1Tests\card.validator.api.v1Tests.csproj", "{436F9067-B0D3-423F-8368-60870E413E28}"
EndProject
Global
	GlobalSection(SolutionConfigurationPlatforms) = preSolution
		Debug|Any CPU = Debug|Any CPU
		Release|Any CPU = Release|Any CPU
	EndGlobalSection
	GlobalSection(ProjectConfigurationPlatforms) = postSolution
		{17889EFC-B7E7-4C7B-98A1-3D0B30589EDA}.Debug|Any CPU.ActiveCfg = Debug|Any CPU
		{17889EFC-B7E7-4C7B-98A1-3D0B30589EDA}.Debug|Any CPU.Build.0 = Debug|Any CPU
		{17889EFC-B7E7-4C7B-98A1-3D0B30589EDA}.Release|Any CPU.ActiveCfg = Release|Any CPU
		{17889EFC-B7E7-4C7B-98A1-3D0B30589EDA}.Release|Any CPU.Build.0 = Release|Any CPU
		{436F9067-B0D3-423F-8368-60870E413E28}.Debug|Any CPU.ActiveCfg = Debug|Any CPU
		{436F9067-B0D3-423F-8368-60870E413E28}.Debug|Any CPU.Build.0 = Debug|Any CPU
		{436F9067-B0D3-423F-8368-60870E413E28}.Release|Any CPU.ActiveCfg = Release|Any CPU
		{436F9067-B0D3-423F-8368-60870E413E28}.Release|Any CPU.Build.0 = Release|Any CPU
	EndGlobalSection
	GlobalSection(SolutionProperties) = preSolution
		HideSolutionNode = FALSE
	EndGlobalSection
	GlobalSection(ExtensibilityGlobals) = postSolution
		SolutionGuid = {22CA0CB1-C528-4525-A5A8-D57B5C2547A0}
	EndGlobalSection
EndGlobal
